{
  "version": "4",
  "specifiers": {
    "jsr:@iuioiua/redis@*": "1.1.1",
    "jsr:@std/assert@1": "1.0.13",
    "jsr:@std/bytes@^1.0.5": "1.0.5",
    "jsr:@std/collections@^1.0.10": "1.0.11",
    "jsr:@std/internal@^1.0.6": "1.0.6",
    "npm:zod@*": "3.24.3",
    "npm:zod@^3.24.3": "3.24.3"
  },
  "jsr": {
    "@iuioiua/redis@1.1.1": {
      "integrity": "09b2490429e463af6202f8b86699e2e3d8ff02ca9a6bac41e220b6f790a63125",
      "dependencies": [
        "jsr:@std/bytes",
        "jsr:@std/collections"
      ]
    },
    "@std/assert@1.0.13": {
      "integrity": "ae0d31e41919b12c656c742b22522c32fb26ed0cba32975cb0de2a273cb68b29",
      "dependencies": [
        "jsr:@std/internal"
      ]
    },
    "@std/bytes@1.0.5": {
      "integrity": "4465dd739d7963d964c809202ebea6d5c6b8e3829ef25c6a224290fbb8a1021e"
    },
    "@std/collections@1.0.11": {
      "integrity": "2f62cf9587484b1fff364f6c3e1f83478eea53dbb6faed6ffeda92ddb6b172f0"
    },
    "@std/internal@1.0.6": {
      "integrity": "9533b128f230f73bd209408bb07a4b12f8d4255ab2a4d22a1fd6d87304aca9a4"
    }
  },
  "npm": {
    "zod@3.24.3": {
      "integrity": "sha512-HhY1oqzWCQWuUqvBFnsyrtZRhyPeR7SUGv+C4+MsisMuVfSPx8HpwWqH8tRahSlt6M3PiFAcoeFhZAqIXTxoSg=="
    }
  },
  "workspace": {
    "dependencies": [
      "jsr:@std/assert@1",
      "npm:zod@^3.24.3"
    ]
  }
}
